
Microsoft Visual Studio Solution File, Format Version 12.00
# Visual Studio Version 17
VisualStudioVersion = 17.5.33502.453
MinimumVisualStudioVersion = 10.0.40219.1
Project("{FAE04EC0-301F-11D3-BF4B-00C04F79EFBC}") = "LibraryCR", "LibraryCR.csproj", "{3CF5991B-0468-4464-BC5B-7D9EED49E140}"
EndProject
Global
	GlobalSection(SolutionConfigurationPlatforms) = preSolution
		Debug|Any CPU = Debug|Any CPU
		Release|Any CPU = Release|Any CPU
	EndGlobalSection
	GlobalSection(ProjectConfigurationPlatforms) = postSolution
		{3CF5991B-0468-4464-BC5B-7D9EED49E140}.Debug|Any CPU.ActiveCfg = Debug|Any CPU
		{3CF5991B-0468-4464-BC5B-7D9EED49E140}.Debug|Any CPU.Build.0 = Debug|Any CPU
		{3CF5991B-0468-4464-BC5B-7D9EED49E140}.Release|Any CPU.ActiveCfg = Release|Any CPU
		{3CF5991B-0468-4464-BC5B-7D9EED49E140}.Release|Any CPU.Build.0 = Release|Any CPU
	EndGlobalSection
	GlobalSection(SolutionProperties) = preSolution
		HideSolutionNode = FALSE
	EndGlobalSection
	GlobalSection(ExtensibilityGlobals) = postSolution
		SolutionGuid = {59D36E25-D045-4D24-9B27-CECD11C9B8BE}
	EndGlobalSection
EndGlobal
